{
  "lockfileVersion": 1,
  "configVersion": 1,
  "workspaces": {
    "": {
      "dependencies": {
        "@gba-kit/gba-node": "^0.6.0",
      },
    },
  },
  "packages": {
    "@gba-kit/arm-emulator": ["@gba-kit/arm-emulator@0.6.0", "", {}, "sha512-aS6cC5hc8SQNMGYVmolxSArbLE/LkisWjTV/EwNUyxj9kefsQsQXf2kI6or1C5BiidJ9tIy5XGByMofbLEjNrA=="],

    "@gba-kit/debug-info": ["@gba-kit/debug-info@0.6.0", "", {}, "sha512-xx58hzVNJyqXkCxYMCjw139n1ASboS67jbi2PCi3gK36nZe/DcpUienwWEEhG7Wcr+C6pPjvDyOyGZ6xb94LSA=="],

    "@gba-kit/gba-emulator": ["@gba-kit/gba-emulator@0.6.0", "", { "dependencies": { "@gba-kit/arm-emulator": "0.6.0", "@gba-kit/debug-info": "0.6.0" } }, "sha512-MB3/lg/i3G/ctu/SKznhRrF8IoxWuSw6RTeulOZ1Mo/KY0/96x9dr+iC7Mktbzet6QBnprPLabyWhUyrBz6W6g=="],

    "@gba-kit/gba-node": ["@gba-kit/gba-node@0.6.0", "", { "dependencies": { "@gba-kit/arm-emulator": "0.6.0", "@gba-kit/gba-emulator": "0.6.0", "fast-png": "^8.0.0" } }, "sha512-EuCgWVo3bAEjYv5EapneZ21X/8TOkzhRZeE8YcB3epsLmAd7qkVY5c5g58Vi9+Gz7Yjqsf50X+rwI7hffpE5cg=="],

    "fast-png": ["fast-png@8.0.0", "", { "dependencies": { "fflate": "^0.8.2", "iobuffer": "^6.0.1" } }, "sha512-gCysNasJ8KEMgfdYIKd/wTDo6ENK1PWT0RJO7O+0pgmuHPw2O6tA1WvdxFRJoLf9V8yFYpG0FA1YgI8X97OhJA=="],

    "fflate": ["fflate@0.8.3", "", {}, "sha512-tbZNuJrLwGUp3zshBtdy4W+ORxZuIh8a5ilyIEQDC5rY1f3U20JMry0Ll3WBzU58EZKsEuJFXhb5gwv8CsPvgA=="],

    "iobuffer": ["iobuffer@6.0.1", "", {}, "sha512-SZWYkWNfjIXIBYSDpXDYIgshqtbOPsi4lviawAEceR1Kqk+sHDlcQjWrzNQsii80AyBY0q5c8HCTNjqo74ul+Q=="],
  }
}
